// !$*UTF8*$!
{
	archiveVersion = 1;
	classes = {
	};
	objectVersion = 50;
	objects = {

/* Begin PBXBuildFile section */
		1B1198062164AF6F001D927B /* AppDelegate.swift in Sources */ = {isa = PBXBuildFile; fileRef = 1B1198052164AF6F001D927B /* AppDelegate.swift */; };
		1B1198082164AF6F001D927B /* ViewController.swift in Sources */ = {isa = PBXBuildFile; fileRef = 1B1198072164AF6F001D927B /* ViewController.swift */; };
		1B11980B2164AF6F001D927B /* Main.storyboard in Resources */ = {isa = PBXBuildFile; fileRef = 1B1198092164AF6F001D927B /* Main.storyboard */; };
		1B11980D2164AF70001D927B /* Assets.xcassets in Resources */ = {isa = PBXBuildFile; fileRef = 1B11980C2164AF70001D927B /* Assets.xcassets */; };
		1B1198182164AF70001D927B /* TV_OSTests.swift in Sources */ = {isa = PBXBuildFile; fileRef = 1B1198172164AF70001D927B /* TV_OSTests.swift */; };
		1B1198232164AF70001D927B /* TV_OSUITests.swift in Sources */ = {isa = PBXBuildFile; fileRef = 1B1198222164AF70001D927B /* TV_OSUITests.swift */; };
/* End PBXBuildFile section */

/* Begin PBXContainerItemProxy section */
		1B1198142164AF70001D927B /* PBXContainerItemProxy */ = {
			isa = PBXContainerItemProxy;
			containerPortal = 1B1197FA2164AF6F001D927B /* Project object */;
			proxyType = 1;
			remoteGlobalIDString = 1B1198012164AF6F001D927B;
			remoteInfo = TV_OS;
		};
		1B11981F2164AF70001D927B /* PBXContainerItemProxy */ = {
			isa = PBXContainerItemProxy;
			containerPortal = 1B1197FA2164AF6F001D927B /* Project object */;
			proxyType = 1;
			remoteGlobalIDString = 1B1198012164AF6F001D927B;
			remoteInfo = TV_OS;
		};
/* End PBXContainerItemProxy section */

/* Begin PBXFileReference section */
		1B1198022164AF6F001D927B /* TV_OS.app */ = {isa = PBXFileReference; explicitFileType = wrapper.application; includeInIndex = 0; path = TV_OS.app; sourceTree = BUILT_PRODUCTS_DIR; };
		1B1198052164AF6F001D927B /* AppDelegate.swift */ = {isa = PBXFileReference; lastKnownFileType = sourcecode.swift; path = AppDelegate.swift; sourceTree = "<group>"; };
		1B1198072164AF6F001D927B /* ViewController.swift */ = {isa = PBXFileReference; lastKnownFileType = sourcecode.swift; path = ViewController.swift; sourceTree = "<group>"; };
		1B11980A2164AF6F001D927B /* Base */ = {isa = PBXFileReference; lastKnownFileType = file.storyboard; name = Base; path = Base.lproj/Main.storyboard; sourceTree = "<group>"; };
		1B11980C2164AF70001D927B /* Assets.xcassets */ = {isa = PBXFileReference; lastKnownFileType = folder.assetcatalog; path = Assets.xcassets; sourceTree = "<group>"; };
		1B11980E2164AF70001D927B /* Info.plist */ = {isa = PBXFileReference; lastKnownFileType = text.plist.xml; path = Info.plist; sourceTree = "<group>"; };
		1B1198132164AF70001D927B /* TV_OSTests.xctest */ = {isa = PBXFileReference; explicitFileType = wrapper.cfbundle; includeInIndex = 0; path = TV_OSTests.xctest; sourceTree = BUILT_PRODUCTS_DIR; };
		1B1198172164AF70001D927B /* TV_OSTests.swift */ = {isa = PBXFileReference; lastKnownFileType = sourcecode.swift; path = TV_OSTests.swift; sourceTree = "<group>"; };
		1B1198192164AF70001D927B /* Info.plist */ = {isa = PBXFileReference; lastKnownFileType = text.plist.xml; path = Info.plist; sourceTree = "<group>"; };
		1B11981E2164AF70001D927B /* TV_OSUITests.xctest */ = {isa = PBXFileReference; explicitFileType = wrapper.cfbundle; includeInIndex = 0; path = TV_OSUITests.xctest; sourceTree = BUILT_PRODUCTS_DIR; };
		1B1198222164AF70001D927B /* TV_OSUITests.swift */ = {isa = PBXFileReference; lastKnownFileType = sourcecode.swift; path = TV_OSUITests.swift; sourceTree = "<group>"; };
		1B1198242164AF70001D927B /* Info.plist */ = {isa = PBXFileReference; lastKnownFileType = text.plist.xml; path = Info.plist; sourceTree = "<group>"; };
/* End PBXFileReference section */

/* Begin PBXFrameworksBuildPhase section */
		1B1197FF2164AF6F001D927B /* Frameworks */ = {
			isa = PBXFrameworksBuildPhase;
			buildActionMask = 2147483647;
			files = (
			);
			runOnlyForDeploymentPostprocessing = 0;
		};
		1B1198102164AF70001D927B /* Frameworks */ = {
			isa = PBXFrameworksBuildPhase;
			buildActionMask = 2147483647;
			files = (
			);
			runOnlyForDeploymentPostprocessing = 0;
		};
		1B11981B2164AF70001D927B /* Frameworks */ = {
			isa = PBXFrameworksBuildPhase;
			buildActionMask = 2147483647;
			files = (
			);
			runOnlyForDeploymentPostprocessing = 0;
		};
/* End PBXFrameworksBuildPhase section */

/* Begin PBXGroup section */
		1B1197F92164AF6F001D927B = {
			isa = PBXGroup;
			children = (
				1B1198042164AF6F001D927B /* TV_OS */,
				1B1198162164AF70001D927B /* TV_OSTests */,
				1B1198212164AF70001D927B /* TV_OSUITests */,
				1B1198032164AF6F001D927B /* Products */,
			);
			sourceTree = "<group>";
		};
		1B1198032164AF6F001D927B /* Products */ = {
			isa = PBXGroup;
			children = (
				1B1198022164AF6F001D927B /* TV_OS.app */,
				1B1198132164AF70001D927B /* TV_OSTests.xctest */,
				1B11981E2164AF70001D927B /* TV_OSUITests.xctest */,
			);
			name = Products;
			sourceTree = "<group>";
		};
		1B1198042164AF6F001D927B /* TV_OS */ = {
			isa = PBXGroup;
			children = (
				1B1198052164AF6F001D927B /* AppDelegate.swift */,
				1B1198072164AF6F001D927B /* ViewController.swift */,
				1B1198092164AF6F001D927B /* Main.storyboard */,
				1B11980C2164AF70001D927B /* Assets.xcassets */,
				1B11980E2164AF70001D927B /* Info.plist */,
			);
			path = TV_OS;
			sourceTree = "<group>";
		};
		1B1198162164AF70001D927B /* TV_OSTests */ = {
			isa = PBXGroup;
			children = (
				1B1198172164AF70001D927B /* TV_OSTests.swift */,
				1B1198192164AF70001D927B /* Info.plist */,
			);
			path = TV_OSTests;
			sourceTree = "<group>";
		};
		1B1198212164AF70001D927B /* TV_OSUITests */ = {
			isa = PBXGroup;
			children = (
				1B1198222164AF70001D927B /* TV_OSUITests.swift */,
				1B1198242164AF70001D927B /* Info.plist */,
			);
			path = TV_OSUITests;
			sourceTree = "<group>";
		};
/* End PBXGroup section */

/* Begin PBXNativeTarget section */
		1B1198012164AF6F001D927B /* TV_OS */ = {
			isa = PBXNativeTarget;
			buildConfigurationList = 1B1198272164AF70001D927B /* Build configuration list for PBXNativeTarget "TV_OS" */;
			buildPhases = (
				1B1197FE2164AF6F001D927B /* Sources */,
				1B1197FF2164AF6F001D927B /* Frameworks */,
				1B1198002164AF6F001D927B /* Resources */,
			);
			buildRules = (
			);
			dependencies = (
			);
			name = TV_OS;
			productName = TV_OS;
			productReference = 1B1198022164AF6F001D927B /* TV_OS.app */;
			productType = "com.apple.product-type.application";
		};
		1B1198122164AF70001D927B /* TV_OSTests */ = {
			isa = PBXNativeTarget;
			buildConfigurationList = 1B11982A2164AF70001D927B /* Build configuration list for PBXNativeTarget "TV_OSTests" */;
			buildPhases = (
				1B11980F2164AF70001D927B /* Sources */,
				1B1198102164AF70001D927B /* Frameworks */,
				1B1198112164AF70001D927B /* Resources */,
			);
			buildRules = (
			);
			dependencies = (
				1B1198152164AF70001D927B /* PBXTargetDependency */,
			);
			name = TV_OSTests;
			productName = TV_OSTests;
			productReference = 1B1198132164AF70001D927B /* TV_OSTests.xctest */;
			productType = "com.apple.product-type.bundle.unit-test";
		};
		1B11981D2164AF70001D927B /* TV_OSUITests */ = {
			isa = PBXNativeTarget;
			buildConfigurationList = 1B11982D2164AF70001D927B /* Build configuration list for PBXNativeTarget "TV_OSUITests" */;
			buildPhases = (
				1B11981A2164AF70001D927B /* Sources */,
				1B11981B2164AF70001D927B /* Frameworks */,
				1B11981C2164AF70001D927B /* Resources */,
			);
			buildRules = (
			);
			dependencies = (
				1B1198202164AF70001D927B /* PBXTargetDependency */,
			);
			name = TV_OSUITests;
			productName = TV_OSUITests;
			productReference = 1B11981E2164AF70001D927B /* TV_OSUITests.xctest */;
			productType = "com.apple.product-type.bundle.ui-testing";
		};
/* End PBXNativeTarget section */

/* Begin PBXProject section */
		1B1197FA2164AF6F001D927B /* Project object */ = {
			isa = PBXProject;
			attributes = {
				LastSwiftUpdateCheck = 1000;
				LastUpgradeCheck = 1000;
				ORGANIZATIONNAME = Bitrise;
				TargetAttributes = {
					1B1198012164AF6F001D927B = {
						CreatedOnToolsVersion = 10.0;
					};
					1B1198122164AF70001D927B = {
						CreatedOnToolsVersion = 10.0;
						TestTargetID = 1B1198012164AF6F001D927B;
					};
					1B11981D2164AF70001D927B = {
						CreatedOnToolsVersion = 10.0;
						TestTargetID = 1B1198012164AF6F001D927B;
					};
				};
			};
			buildConfigurationList = 1B1197FD2164AF6F001D927B /* Build configuration list for PBXProject "TV_OS" */;
			compatibilityVersion = "Xcode 9.3";
			developmentRegion = en;
			hasScannedForEncodings = 0;
			knownRegions = (
				en,
				Base,
			);
			mainGroup = 1B1197F92164AF6F001D927B;
			productRefGroup = 1B1198032164AF6F001D927B /* Products */;
			projectDirPath = "";
			projectRoot = "";
			targets = (
				1B1198012164AF6F001D927B /* TV_OS */,
				1B1198122164AF70001D927B /* TV_OSTests */,
				1B11981D2164AF70001D927B /* TV_OSUITests */,
			);
		};
/* End PBXProject section */

/* Begin PBXResourcesBuildPhase section */
		1B1198002164AF6F001D927B /* Resources */ = {
			isa = PBXResourcesBuildPhase;
			buildActionMask = 2147483647;
			files = (
				1B11980D2164AF70001D927B /* Assets.xcassets in Resources */,
				1B11980B2164AF6F001D927B /* Main.storyboard in Resources */,
			);
			runOnlyForDeploymentPostprocessing = 0;
		};
		1B1198112164AF70001D927B /* Resources */ = {
			isa = PBXResourcesBuildPhase;
			buildActionMask = 2147483647;
			files = (
			);
			runOnlyForDeploymentPostprocessing = 0;
		};
		1B11981C2164AF70001D927B /* Resources */ = {
			isa = PBXResourcesBuildPhase;
			buildActionMask = 2147483647;
			files = (
			);
			runOnlyForDeploymentPostprocessing = 0;
		};
/* End PBXResourcesBuildPhase section */

/* Begin PBXSourcesBuildPhase section */
		1B1197FE2164AF6F001D927B /* Sources */ = {
			isa = PBXSourcesBuildPhase;
			buildActionMask = 2147483647;
			files = (
				1B1198082164AF6F001D927B /* ViewController.swift in Sources */,
				1B1198062164AF6F001D927B /* AppDelegate.swift in Sources */,
			);
			runOnlyForDeploymentPostprocessing = 0;
		};
		1B11980F2164AF70001D927B /* Sources */ = {
			isa = PBXSourcesBuildPhase;
			buildActionMask = 2147483647;
			files = (
				1B1198182164AF70001D927B /* TV_OSTests.swift in Sources */,
			);
			runOnlyForDeploymentPostprocessing = 0;
		};
		1B11981A2164AF70001D927B /* Sources */ = {
			isa = PBXSourcesBuildPhase;
			buildActionMask = 2147483647;
			files = (
				1B1198232164AF70001D927B /* TV_OSUITests.swift in Sources */,
			);
			runOnlyForDeploymentPostprocessing = 0;
		};
/* End PBXSourcesBuildPhase section */

/* Begin PBXTargetDependency section */
		1B1198152164AF70001D927B /* PBXTargetDependency */ = {
			isa = PBXTargetDependency;
			target = 1B1198012164AF6F001D927B /* TV_OS */;
			targetProxy = 1B1198142164AF70001D927B /* PBXContainerItemProxy */;
		};
		1B1198202164AF70001D927B /* PBXTargetDependency */ = {
			isa = PBXTargetDependency;
			target = 1B1198012164AF6F001D927B /* TV_OS */;
			targetProxy = 1B11981F2164AF70001D927B /* PBXContainerItemProxy */;
		};
/* End PBXTargetDependency section */

/* Begin PBXVariantGroup section */
		1B1198092164AF6F001D927B /* Main.storyboard */ = {
			isa = PBXVariantGroup;
			children = (
				1B11980A2164AF6F001D927B /* Base */,
			);
			name = Main.storyboard;
			sourceTree = "<group>";
		};
/* End PBXVariantGroup section */

/* Begin XCBuildConfiguration section */
		1B1198252164AF70001D927B /* Debug */ = {
			isa = XCBuildConfiguration;
			buildSettings = {
				ALWAYS_SEARCH_USER_PATHS = NO;
				CLANG_ANALYZER_NONNULL = YES;
				CLANG_ANALYZER_NUMBER_OBJECT_CONVERSION = YES_AGGRESSIVE;
				CLANG_CXX_LANGUAGE_STANDARD = "gnu++14";
				CLANG_CXX_LIBRARY = "libc++";
				CLANG_ENABLE_MODULES = YES;
				CLANG_ENABLE_OBJC_ARC = YES;
				CLANG_ENABLE_OBJC_WEAK = YES;
				CLANG_WARN_BLOCK_CAPTURE_AUTORELEASING = YES;
				CLANG_WARN_BOOL_CONVERSION = YES;
				CLANG_WARN_COMMA = YES;
				CLANG_WARN_CONSTANT_CONVERSION = YES;
				CLANG_WARN_DEPRECATED_OBJC_IMPLEMENTATIONS = YES;
				CLANG_WARN_DIRECT_OBJC_ISA_USAGE = YES_ERROR;
				CLANG_WARN_DOCUMENTATION_COMMENTS = YES;
				CLANG_WARN_EMPTY_BODY = YES;
				CLANG_WARN_ENUM_CONVERSION = YES;
				CLANG_WARN_INFINITE_RECURSION = YES;
				CLANG_WARN_INT_CONVERSION = YES;
				CLANG_WARN_NON_LITERAL_NULL_CONVERSION = YES;
				CLANG_WARN_OBJC_IMPLICIT_RETAIN_SELF = YES;
				CLANG_WARN_OBJC_LITERAL_CONVERSION = YES;
				CLANG_WARN_OBJC_ROOT_CLASS = YES_ERROR;
				CLANG_WARN_RANGE_LOOP_ANALYSIS = YES;
				CLANG_WARN_STRICT_PROTOTYPES = YES;
				CLANG_WARN_SUSPICIOUS_MOVE = YES;
				CLANG_WARN_UNGUARDED_AVAILABILITY = YES_AGGRESSIVE;
				CLANG_WARN_UNREACHABLE_CODE = YES;
				CLANG_WARN__DUPLICATE_METHOD_MATCH = YES;
				COPY_PHASE_STRIP = NO;
				DEBUG_INFORMATION_FORMAT = dwarf;
				ENABLE_STRICT_OBJC_MSGSEND = YES;
				ENABLE_TESTABILITY = YES;
				GCC_C_LANGUAGE_STANDARD = gnu11;
				GCC_DYNAMIC_NO_PIC = NO;
				GCC_NO_COMMON_BLOCKS = YES;
				GCC_OPTIMIZATION_LEVEL = 0;
				GCC_PREPROCESSOR_DEFINITIONS = (
					"DEBUG=1",
					"$(inherited)",
				);
				GCC_WARN_64_TO_32_BIT_CONVERSION = YES;
				GCC_WARN_ABOUT_RETURN_TYPE = YES_ERROR;
				GCC_WARN_UNDECLARED_SELECTOR = YES;
				GCC_WARN_UNINITIALIZED_AUTOS = YES_AGGRESSIVE;
				GCC_WARN_UNUSED_FUNCTION = YES;
				GCC_WARN_UNUSED_VARIABLE = YES;
				MTL_ENABLE_DEBUG_INFO = INCLUDE_SOURCE;
				MTL_FAST_MATH = YES;
				ONLY_ACTIVE_ARCH = YES;
				SDKROOT = appletvos;
				SWIFT_ACTIVE_COMPILATION_CONDITIONS = DEBUG;
				SWIFT_OPTIMIZATION_LEVEL = "-Onone";
				TVOS_DEPLOYMENT_TARGET = 12.0;
			};
			name = Debug;
		};
		1B1198262164AF70001D927B /* Release */ = {
			isa = XCBuildConfiguration;
			buildSettings = {
				ALWAYS_SEARCH_USER_PATHS = NO;
				CLANG_ANALYZER_NONNULL = YES;
				CLANG_ANALYZER_NUMBER_OBJECT_CONVERSION = YES_AGGRESSIVE;
				CLANG_CXX_LANGUAGE_STANDARD = "gnu++14";
				CLANG_CXX_LIBRARY = "libc++";
				CLANG_ENABLE_MODULES = YES;
				CLANG_ENABLE_OBJC_ARC = YES;
				CLANG_ENABLE_OBJC_WEAK = YES;
				CLANG_WARN_BLOCK_CAPTURE_AUTORELEASING = YES;
				CLANG_WARN_BOOL_CONVERSION = YES;
				CLANG_WARN_COMMA = YES;
				CLANG_WARN_CONSTANT_CONVERSION = YES;
				CLANG_WARN_DEPRECATED_OBJC_IMPLEMENTATIONS = YES;
				CLANG_WARN_DIRECT_OBJC_ISA_USAGE = YES_ERROR;
				CLANG_WARN_DOCUMENTATION_COMMENTS = YES;
				CLANG_WARN_EMPTY_BODY = YES;
				CLANG_WARN_ENUM_CONVERSION = YES;
				CLANG_WARN_INFINITE_RECURSION = YES;
				CLANG_WARN_INT_CONVERSION = YES;
				CLANG_WARN_NON_LITERAL_NULL_CONVERSION = YES;
				CLANG_WARN_OBJC_IMPLICIT_RETAIN_SELF = YES;
				CLANG_WARN_OBJC_LITERAL_CONVERSION = YES;
				CLANG_WARN_OBJC_ROOT_CLASS = YES_ERROR;
				CLANG_WARN_RANGE_LOOP_ANALYSIS = YES;
				CLANG_WARN_STRICT_PROTOTYPES = YES;
				CLANG_WARN_SUSPICIOUS_MOVE = YES;
				CLANG_WARN_UNGUARDED_AVAILABILITY = YES_AGGRESSIVE;
				CLANG_WARN_UNREACHABLE_CODE = YES;
				CLANG_WARN__DUPLICATE_METHOD_MATCH = YES;
				COPY_PHASE_STRIP = NO;
				DEBUG_INFORMATION_FORMAT = "dwarf-with-dsym";
				ENABLE_NS_ASSERTIONS = NO;
				ENABLE_STRICT_OBJC_MSGSEND = YES;
				GCC_C_LANGUAGE_STANDARD = gnu11;
				GCC_NO_COMMON_BLOCKS = YES;
				GCC_WARN_64_TO_32_BIT_CONVERSION = YES;
				GCC_WARN_ABOUT_RETURN_TYPE = YES_ERROR;
				GCC_WARN_UNDECLARED_SELECTOR = YES;
				GCC_WARN_UNINITIALIZED_AUTOS = YES_AGGRESSIVE;
				GCC_WARN_UNUSED_FUNCTION = YES;
				GCC_WARN_UNUSED_VARIABLE = YES;
				MTL_ENABLE_DEBUG_INFO = NO;
				MTL_FAST_MATH = YES;
				SDKROOT = appletvos;
				SWIFT_COMPILATION_MODE = wholemodule;
				SWIFT_OPTIMIZATION_LEVEL = "-O";
				TVOS_DEPLOYMENT_TARGET = 12.0;
				VALIDATE_PRODUCT = YES;
			};
			name = Release;
		};
		1B1198282164AF70001D927B /* Debug */ = {
			isa = XCBuildConfiguration;
			buildSettings = {
				ASSETCATALOG_COMPILER_APPICON_NAME = "App Icon & Top Shelf Image";
				ASSETCATALOG_COMPILER_LAUNCHIMAGE_NAME = LaunchImage;
				CODE_SIGN_STYLE = Manual;
				DEVELOPMENT_TEAM = "";
				INFOPLIST_FILE = TV_OS/Info.plist;
				LD_RUNPATH_SEARCH_PATHS = (
					"$(inherited)",
					"@executable_path/Frameworks",
				);
				PRODUCT_BUNDLE_IDENTIFIER = "com.bitrise.TV-OS";
				PRODUCT_NAME = "$(TARGET_NAME)";
				PROVISIONING_PROFILE_SPECIFIER = "";
				SWIFT_VERSION = 4.2;
				TARGETED_DEVICE_FAMILY = 3;
			};
			name = Debug;
		};
		1B1198292164AF70001D927B /* Release */ = {
			isa = XCBuildConfiguration;
			buildSettings = {
				ASSETCATALOG_COMPILER_APPICON_NAME = "App Icon & Top Shelf Image";
				ASSETCATALOG_COMPILER_LAUNCHIMAGE_NAME = LaunchImage;
				CODE_SIGN_STYLE = Manual;
				DEVELOPMENT_TEAM = "";
				INFOPLIST_FILE = TV_OS/Info.plist;
				LD_RUNPATH_SEARCH_PATHS = (
					"$(inherited)",
					"@executable_path/Frameworks",
				);
				PRODUCT_BUNDLE_IDENTIFIER = "com.bitrise.TV-OS";
				PRODUCT_NAME = "$(TARGET_NAME)";
				PROVISIONING_PROFILE_SPECIFIER = "";
				SWIFT_VERSION = 4.2;
				TARGETED_DEVICE_FAMILY = 3;
			};
			name = Release;
		};
		1B11982B2164AF70001D927B /* Debug */ = {
			isa = XCBuildConfiguration;
			buildSettings = {
				ALWAYS_EMBED_SWIFT_STANDARD_LIBRARIES = YES;
				BUNDLE_LOADER = "$(TEST_HOST)";
				CODE_SIGN_STYLE = Automatic;
				DEVELOPMENT_TEAM = 72SA8V3WYL;
				INFOPLIST_FILE = TV_OSTests/Info.plist;
				LD_RUNPATH_SEARCH_PATHS = (
					"$(inherited)",
					"@executable_path/Frameworks",
					"@loader_path/Frameworks",
				);
				PRODUCT_BUNDLE_IDENTIFIER = "com.bitrise.TV-OSTests";
				PRODUCT_NAME = "$(TARGET_NAME)";
				SWIFT_VERSION = 4.2;
				TARGETED_DEVICE_FAMILY = 3;
				TEST_HOST = "$(BUILT_PRODUCTS_DIR)/TV_OS.app/TV_OS";
			};
			name = Debug;
		};
		1B11982C2164AF70001D927B /* Release */ = {
			isa = XCBuildConfiguration;
			buildSettings = {
				ALWAYS_EMBED_SWIFT_STANDARD_LIBRARIES = YES;
				BUNDLE_LOADER = "$(TEST_HOST)";
				CODE_SIGN_STYLE = Automatic;
				DEVELOPMENT_TEAM = 72SA8V3WYL;
				INFOPLIST_FILE = TV_OSTests/Info.plist;
				LD_RUNPATH_SEARCH_PATHS = (
					"$(inherited)",
					"@executable_path/Frameworks",
					"@loader_path/Frameworks",
				);
				PRODUCT_BUNDLE_IDENTIFIER = "com.bitrise.TV-OSTests";
				PRODUCT_NAME = "$(TARGET_NAME)";
				SWIFT_VERSION = 4.2;
				TARGETED_DEVICE_FAMILY = 3;
				TEST_HOST = "$(BUILT_PRODUCTS_DIR)/TV_OS.app/TV_OS";
			};
			name = Release;
		};
		1B11982E2164AF70001D927B /* Debug */ = {
			isa = XCBuildConfiguration;
			buildSettings = {
				ALWAYS_EMBED_SWIFT_STANDARD_LIBRARIES = YES;
				CODE_SIGN_STYLE = Automatic;
				DEVELOPMENT_TEAM = 72SA8V3WYL;
				INFOPLIST_FILE = TV_OSUITests/Info.plist;
				LD_RUNPATH_SEARCH_PATHS = (
					"$(inherited)",
					"@executable_path/Frameworks",
					"@loader_path/Frameworks",
				);
				PRODUCT_BUNDLE_IDENTIFIER = "com.bitrise.TV-OSUITests";
				PRODUCT_NAME = "$(TARGET_NAME)";
				SWIFT_VERSION = 4.2;
				TARGETED_DEVICE_FAMILY = 3;
				TEST_TARGET_NAME = TV_OS;
			};
			name = Debug;
		};
		1B11982F2164AF70001D927B /* Release */ = {
			isa = XCBuildConfiguration;
			buildSettings = {
				ALWAYS_EMBED_SWIFT_STANDARD_LIBRARIES = YES;
				CODE_SIGN_STYLE = Automatic;
				DEVELOPMENT_TEAM = 72SA8V3WYL;
				INFOPLIST_FILE = TV_OSUITests/Info.plist;
				LD_RUNPATH_SEARCH_PATHS = (
					"$(inherited)",
					"@executable_path/Frameworks",
					"@loader_path/Frameworks",
				);
				PRODUCT_BUNDLE_IDENTIFIER = "com.bitrise.TV-OSUITests";
				PRODUCT_NAME = "$(TARGET_NAME)";
				SWIFT_VERSION = 4.2;
				TARGETED_DEVICE_FAMILY = 3;
				TEST_TARGET_NAME = TV_OS;
			};
			name = Release;
		};
/* End XCBuildConfiguration section */

/* Begin XCConfigurationList section */
		1B1197FD2164AF6F001D927B /* Build configuration list for PBXProject "TV_OS" */ = {
			isa = XCConfigurationList;
			buildConfigurations = (
				1B1198252164AF70001D927B /* Debug */,
				1B1198262164AF70001D927B /* Release */,
			);
			defaultConfigurationIsVisible = 0;
			defaultConfigurationName = Release;
		};
		1B1198272164AF70001D927B /* Build configuration list for PBXNativeTarget "TV_OS" */ = {
			isa = XCConfigurationList;
			buildConfigurations = (
				1B1198282164AF70001D927B /* Debug */,
				1B1198292164AF70001D927B /* Release */,
			);
			defaultConfigurationIsVisible = 0;
			defaultConfigurationName = Release;
		};
		1B11982A2164AF70001D927B /* Build configuration list for PBXNativeTarget "TV_OSTests" */ = {
			isa = XCConfigurationList;
			buildConfigurations = (
				1B11982B2164AF70001D927B /* Debug */,
				1B11982C2164AF70001D927B /* Release */,
			);
			defaultConfigurationIsVisible = 0;
			defaultConfigurationName = Release;
		};
		1B11982D2164AF70001D927B /* Build configuration list for PBXNativeTarget "TV_OSUITests" */ = {
			isa = XCConfigurationList;
			buildConfigurations = (
				1B11982E2164AF70001D927B /* Debug */,
				1B11982F2164AF70001D927B /* Release */,
			);
			defaultConfigurationIsVisible = 0;
			defaultConfigurationName = Release;
		};
/* End XCConfigurationList section */
	};
	rootObject = 1B1197FA2164AF6F001D927B /* Project object */;
}
